
Microsoft Visual Studio Solution File, Format Version 12.00
# Visual Studio Version 16
VisualStudioVersion = 16.0.31624.102
MinimumVisualStudioVersion = 10.0.40219.1
Project("{FAE04EC0-301F-11D3-BF4B-00C04F79EFBC}") = "Examen_Repo", "Examen_Repo\Examen_Repo.csproj", "{D826255C-AB6A-4DA5-9200-0B6654F2D3F8}"
EndProject
Global
	GlobalSection(SolutionConfigurationPlatforms) = preSolution
		Debug|Any CPU = Debug|Any CPU
		Release|Any CPU = Release|Any CPU
	EndGlobalSection
	GlobalSection(ProjectConfigurationPlatforms) = postSolution
		{D826255C-AB6A-4DA5-9200-0B6654F2D3F8}.Debug|Any CPU.ActiveCfg = Debug|Any CPU
		{D826255C-AB6A-4DA5-9200-0B6654F2D3F8}.Debug|Any CPU.Build.0 = Debug|Any CPU
		{D826255C-AB6A-4DA5-9200-0B6654F2D3F8}.Release|Any CPU.ActiveCfg = Release|Any CPU
		{D826255C-AB6A-4DA5-9200-0B6654F2D3F8}.Release|Any CPU.Build.0 = Release|Any CPU
	EndGlobalSection
	GlobalSection(SolutionProperties) = preSolution
		HideSolutionNode = FALSE
	EndGlobalSection
	GlobalSection(ExtensibilityGlobals) = postSolution
		SolutionGuid = {B63F5ED8-ACFF-4D56-B3FC-25F5E9975188}
	EndGlobalSection
EndGlobal
